# THIS IS AN AUTOGENERATED FILE. DO NOT EDIT THIS FILE DIRECTLY.
# yarn lockfile v1


"@glorious/demo@^0.7.0":
  version "0.7.0"
  resolved "https://registry.yarnpkg.com/@glorious/demo/-/demo-0.7.0.tgz#4383be8745e75bbfa94a3489ff70a7d1d98747bb"
  integrity sha512-R08cmldRcGQhIAjrmAylEn8NhogqcRwhokZnPjhsdMbvsqKbJQARhiGXr65HzrI/dPX+4UbscxZxbZysisgirw==
